
Microsoft Visual Studio Solution File, Format Version 12.00
# Visual Studio Version 16
VisualStudioVersion = 16.0.30204.135
MinimumVisualStudioVersion = 10.0.40219.1
Project("{9A19103F-16F7-4668-BE54-9A1E7A4F7556}") = "Assignment2", "Assignment2.csproj", "{2C45A370-F275-423B-A093-0C9F7EAF131E}"
EndProject
Global
	GlobalSection(SolutionConfigurationPlatforms) = preSolution
		Debug|Any CPU = Debug|Any CPU
		Release|Any CPU = Release|Any CPU
	EndGlobalSection
	GlobalSection(ProjectConfigurationPlatforms) = postSolution
		{2C45A370-F275-423B-A093-0C9F7EAF131E}.Debug|Any CPU.ActiveCfg = Debug|Any CPU
		{2C45A370-F275-423B-A093-0C9F7EAF131E}.Debug|Any CPU.Build.0 = Debug|Any CPU
		{2C45A370-F275-423B-A093-0C9F7EAF131E}.Release|Any CPU.ActiveCfg = Release|Any CPU
		{2C45A370-F275-423B-A093-0C9F7EAF131E}.Release|Any CPU.Build.0 = Release|Any CPU
	EndGlobalSection
	GlobalSection(SolutionProperties) = preSolution
		HideSolutionNode = FALSE
	EndGlobalSection
	GlobalSection(ExtensibilityGlobals) = postSolution
		SolutionGuid = {C3131C5D-52E0-440B-B943-D0F50BB78574}
	EndGlobalSection
EndGlobal
